
Microsoft Visual Studio Solution File, Format Version 12.00
# Visual Studio Version 17
VisualStudioVersion = 17.8.34322.80
MinimumVisualStudioVersion = 10.0.40219.1
Project("{FAE04EC0-301F-11D3-BF4B-00C04F79EFBC}") = "Punto4Taller2CorgiEngine", "Punto4Taller2CorgiEngine\Punto4Taller2CorgiEngine.csproj", "{01C0E9A5-1CDA-45C8-BAF0-9FDCE9A843EC}"
EndProject
Global
	GlobalSection(SolutionConfigurationPlatforms) = preSolution
		Debug|Any CPU = Debug|Any CPU
		Release|Any CPU = Release|Any CPU
	EndGlobalSection
	GlobalSection(ProjectConfigurationPlatforms) = postSolution
		{01C0E9A5-1CDA-45C8-BAF0-9FDCE9A843EC}.Debug|Any CPU.ActiveCfg = Debug|Any CPU
		{01C0E9A5-1CDA-45C8-BAF0-9FDCE9A843EC}.Debug|Any CPU.Build.0 = Debug|Any CPU
		{01C0E9A5-1CDA-45C8-BAF0-9FDCE9A843EC}.Release|Any CPU.ActiveCfg = Release|Any CPU
		{01C0E9A5-1CDA-45C8-BAF0-9FDCE9A843EC}.Release|Any CPU.Build.0 = Release|Any CPU
	EndGlobalSection
	GlobalSection(SolutionProperties) = preSolution
		HideSolutionNode = FALSE
	EndGlobalSection
	GlobalSection(ExtensibilityGlobals) = postSolution
		SolutionGuid = {84C4C5F5-32AC-4362-AE49-D843EA6CD0B7}
	EndGlobalSection
EndGlobal
